
Microsoft Visual Studio Solution File, Format Version 12.00
# Visual Studio Version 16
VisualStudioVersion = 16.0.30717.126
MinimumVisualStudioVersion = 10.0.40219.1
Project("{FAE04EC0-301F-11D3-BF4B-00C04F79EFBC}") = "EqualsDemo", "EqualsDemo\EqualsDemo.csproj", "{4C5394AC-F4D5-4535-9E8C-239A8E50BA6F}"
EndProject
Global
	GlobalSection(SolutionConfigurationPlatforms) = preSolution
		Debug|Any CPU = Debug|Any CPU
		Release|Any CPU = Release|Any CPU
	EndGlobalSection
	GlobalSection(ProjectConfigurationPlatforms) = postSolution
		{4C5394AC-F4D5-4535-9E8C-239A8E50BA6F}.Debug|Any CPU.ActiveCfg = Debug|Any CPU
		{4C5394AC-F4D5-4535-9E8C-239A8E50BA6F}.Debug|Any CPU.Build.0 = Debug|Any CPU
		{4C5394AC-F4D5-4535-9E8C-239A8E50BA6F}.Release|Any CPU.ActiveCfg = Release|Any CPU
		{4C5394AC-F4D5-4535-9E8C-239A8E50BA6F}.Release|Any CPU.Build.0 = Release|Any CPU
	EndGlobalSection
	GlobalSection(SolutionProperties) = preSolution
		HideSolutionNode = FALSE
	EndGlobalSection
	GlobalSection(ExtensibilityGlobals) = postSolution
		SolutionGuid = {4B583DA4-84CD-47F5-A8F9-B979163FE032}
	EndGlobalSection
EndGlobal
